
Microsoft Visual Studio Solution File, Format Version 12.00
# Visual Studio Version 16
VisualStudioVersion = 16.0.31019.35
MinimumVisualStudioVersion = 10.0.40219.1
Project("{FAE04EC0-301F-11D3-BF4B-00C04F79EFBC}") = "crcdir", "crcdir.csproj", "{35A81FD7-B28B-4E57-B205-8EEA9CAE59FD}"
EndProject
Global
	GlobalSection(SolutionConfigurationPlatforms) = preSolution
		Debug|Any CPU = Debug|Any CPU
		Release|Any CPU = Release|Any CPU
	EndGlobalSection
	GlobalSection(ProjectConfigurationPlatforms) = postSolution
		{35A81FD7-B28B-4E57-B205-8EEA9CAE59FD}.Debug|Any CPU.ActiveCfg = Debug|Any CPU
		{35A81FD7-B28B-4E57-B205-8EEA9CAE59FD}.Debug|Any CPU.Build.0 = Debug|Any CPU
		{35A81FD7-B28B-4E57-B205-8EEA9CAE59FD}.Release|Any CPU.ActiveCfg = Release|Any CPU
		{35A81FD7-B28B-4E57-B205-8EEA9CAE59FD}.Release|Any CPU.Build.0 = Release|Any CPU
	EndGlobalSection
	GlobalSection(SolutionProperties) = preSolution
		HideSolutionNode = FALSE
	EndGlobalSection
	GlobalSection(ExtensibilityGlobals) = postSolution
		SolutionGuid = {4CFAC460-AC89-4255-8EC7-DCD80FBF3307}
	EndGlobalSection
EndGlobal
